{
  "name": "traveliq",
  "version": "0.0.0",
  "lockfileVersion": 3,
  "requires": true,
  "packages": {
    "": {
      "name": "traveliq",
      "version": "0.0.0",
      "private": true,
      "type": "module",
      "dependencies": {
        "@google/genai": "^0.14.0",
        "react": "^18.2.0",
        "react-dom": "^18.2.0",
        "react-router-dom": "^6.23.1"
      },
      "devDependencies": {
        "@types/react": "^18.3.3",
        "@types/react-dom": "^18.3.0",
        "@vitejs/plugin-react": "^4.3.1",
        "typescript": "^5.5.3",
        "vite": "^5.3.3"
      }
    },
    "node_modules/@babel/parser": {
      "version": "7.24.7",
      "resolved": "https://registry.npmjs.org/@babel/parser/-/parser-7.24.7.tgz",
      "integrity": "sha512-I4p4QPw9b+u7hS4gnEdjEkNh2o04y/mr5zyl42L9E8nfg7Vdnj9Nssn6w6Y5I5Xo4sfs0rs02sVzLDSi312yEQ==",
      "dev": true,
      "bin": {
        "parser": "bin/babel-parser.js"
      },
      "engines": {
        "node": ">=6.0.0"
      }
    },
    "node_modules/@google/genai": {
      "version": "0.14.0",
      "resolved": "https://registry.npmjs.org/@google/genai/-/genai-0.14.0.tgz",
      "integrity": "sha512-v4KjGdxQfk01M/0qZIMjFzV9i4iAJHPRLpS8mX3fA4KDHw72lP3zshY82Y9W9jMAln5Y7m0/8+gYqJgB0b5tXQ==",
      "engines": {
        "node": ">=18.0.0"
      }
    },
    "node_modules/@remix-run/router": {
      "version": "1.16.1",
      "resolved": "https://registry.npmjs.org/@remix-run/router/-/router-1.16.1.tgz",
      "integrity": "sha512-f+r1cOEy3g2SsGthQnLw192y0O3x4n4LUSfLVoj2pS/1iNn50CMAk3g1zTE+lJb/RXkTMp0j1nB9d0+EtJ4Pxg==",
      "engines": {
        "node": ">=14.0.0"
      }
    },
    "node_modules/@types/node": {
      "version": "20.14.9",
      "resolved": "https://registry.npmjs.org/@types/node/-/node-20.14.9.tgz",
      "integrity": "sha512-06gnI7tGTJ3273i8b+iS+s2gY6wnDfdv+i45m83kH1LLoO4f4yPmvL//avQ2b2ePjTzOK1UoVt6pGk+y5pLECQ==",
      "dev": true,
      "dependencies": {
        "undici-types": "~5.26.4"
      }
    },
    "node_modules/@types/prop-types": {
      "version": "15.7.12",
      "resolved": "https://registry.npmjs.org/@types/prop-types/-/prop-types-15.7.12.tgz",
      "integrity": "sha512-5zvhXYS3icfNlvmqShzJ33KMA+T++Y32AeoB354jARpfkY5h/Rjw3Zcr4eAXdK7/ALaVRO3sPcg4QJ733v/1sA==",
      "dev": true
    },
    "node_modules/@types/react": {
      "version": "18.3.3",
      "resolved": "https://registry.npmjs.org/@types/react/-/react-18.3.3.tgz",
      "integrity": "sha512-hti/R0pS0q1/xx+TsI73S6SzzsCFXbzI6vGWKutadxIFy2AxkHmcAvtI1S72A58hIalYhM7iXh9c02zdx/6wvg==",
      "dev": true,
      "dependencies": {
        "@types/prop-types": "*",
        "csstype": "^3.0.2"
      }
    },
    "node_modules/@types/react-dom": {
      "version": "18.3.0",
      "resolved": "https://registry.npmjs.org/@types/react-dom/-/react-dom-18.3.0.tgz",
      "integrity": "sha512-eEpHvcfl+I2yKUeecwMy0R52T2uJ240eK3r0r3YmYx7422TTi01ePaS8bxFm3h8E4C4l1sQdcs334d1p2T28wQ==",
      "dev": true,
      "dependencies": {
        "@types/react": "*"
      }
    },
    "node_modules/@vitejs/plugin-react": {
      "version": "4.3.1",
      "resolved": "https://registry.npmjs.org/@vitejs/plugin-react/-/plugin-react-4.3.1.tgz",
      "integrity": "sha512-t08j1pkJ1g93iQ3ZJDFkQ2T1hztx3p4/hB8F9Qsc22vXEYVTcrQGzE58sxt3Q/f/G/o3s1sMy3qf4Wj3QeK25g==",
      "dev": true,
      "dependencies": {
        "@babel/parser": "^7.24.1",
        "@vitejs/plugin-react-swc": "^3.6.0"
      },
      "peerDependencies": {
        "@types/react": "^16.8.0 || ^17.0.0 || ^18.0.0 || ^19.0.0",
        "react": "^16.8.0 || ^17.0.0 || ^18.0.0 || ^19.0.0",
        "react-dom": "^16.8.0 || ^17.0.0 || ^18.0.0 || ^19.0.0"
      },
      "peerDependenciesMeta": {
        "@types/react": {
          "optional": true
        }
      }
    },
    "node_modules/@vitejs/plugin-react-swc": {
      "version": "3.7.0",
      "resolved": "https://registry.npmjs.org/@vitejs/plugin-react-swc/-/plugin-react-swc-3.7.0.tgz",
      "integrity": "sha512-o/u1n1X+JHlKxex/rYo5y0C2w2tW1m9T+c6VjY1v+5Gg6eQh5m+j8v4k0eKz3/2r/KDNqCjA9P9jD9l2w==",
      "dev": true,
      "optional": true,
      "peerDependencies": {
        "@swc/core": ">=1.3.100",
        "react-refresh": ">=0.14.0"
      },
      "peerDependenciesMeta": {
        "@swc/core": {
          "optional": true
        },
        "react-refresh": {
          "optional": true
        }
      }
    },
    "node_modules/csstype": {
      "version": "3.1.3",
      "resolved": "https://registry.npmjs.org/csstype/-/csstype-3.1.3.tgz",
      "integrity": "sha512-M1uQkMl8rQK/szD0LNhtcwDiA4sWMnb325+9Eq7xXMMELF4rppg+lgEk1SHqu2SPBEG3wifha8wDGg35z3uKNQ==",
      "dev": true
    },
    "node_modules/esbuild": {
      "version": "0.21.5",
      "resolved": "https://registry.npmjs.org/esbuild/-/esbuild-0.21.5.tgz",
      "integrity": "sha512-LT3P3ZfF12mFeE6aTTCf2FmMpP1r2JShs81w8v4gUmsTMRF5F/sBr0IWvS4/M3xbfpcy1w04O5J3y3f9wB3x/Q==",
      "dev": true,
      "hasInstallScript": true,
      "bin": {
        "esbuild": "bin/esbuild"
      },
      "engines": {
        "node": ">=12"
      },
      "optionalDependencies": {
        "@esbuild/android-arm": "0.21.5",
        "@esbuild/android-arm64": "0.21.5",
        "@esbuild/android-x64": "0.21.5",
        "@esbuild/darwin-arm64": "0.21.5",
        "@esbuild/darwin-x64": "0.21.5",
        "@esbuild/freebsd-arm64": "0.21.5",
        "@esbuild/freebsd-x64": "0.21.5",
        "@esbuild/linux-arm": "0.21.5",
        "@esbuild/linux-arm64": "0.21.5",
        "@esbuild/linux-ia32": "0.21.5",
        "@esbuild/linux-loong64": "0.21.5",
        "@esbuild/linux-mips64el": "0.21.5",
        "@esbuild/linux-ppc64": "0.21.5",
        "@esbuild/linux-riscv64": "0.21.5",
        "@esbuild/linux-s390x": "0.21.5",
        "@esbuild/linux-x64": "0.21.5",
        "@esbuild/netbsd-x64": "0.21.5",
        "@esbuild/openbsd-x64": "0.21.5",
        "@esbuild/sunos-x64": "0.21.5",
        "@esbuild/win32-arm64": "0.21.5",
        "@esbuild/win32-ia32": "0.21.5",
        "@esbuild/win32-x64": "0.21.5"
      }
    },
    "node_modules/fsevents": {
      "version": "2.3.3",
      "resolved": "https://registry.npmjs.org/fsevents/-/fsevents-2.3.3.tgz",
      "integrity": "sha512-5c4B6gBTTW+fKieHt5m3o2UbaRyaxpKOx2zt hakauVb4l3LEtCbf213ag94kl2RinT2p4Qxkyjw2xACj3aGP2w==",
      "dev": true,
      "hasInstallScript": true,
      "optional": true,
      "os": [
        "darwin"
      ],
      "engines": {
        "node": "^8.16.0 || ^10.6.0 || >=11.0.0"
      }
    },
    "node_modules/js-tokens": {
      "version": "4.0.0",
      "resolved": "https://registry.npmjs.org/js-tokens/-/js-tokens-4.0.0.tgz",
      "integrity": "sha512-RdJUflcE3cUzKiMqQgsCu06FPu9UdIJO0beYbPhHN4k6apgJtifcoCtT9bcxOpYBtpD2kCM6Sbzg4CausW/PKQ=="
    },
    "node_modules/loose-envify": {
      "version": "1.4.0",
      "resolved": "https://registry.npmjs.org/loose-envify/-/loose-envify-1.4.0.tgz",
      "integrity": "sha512-lyuxPGr/Wfhrlem2CL/UcnUc1zcqKAImBDzukY7Y5F/yQiNdko6+fRLevlw1HgMySw7f611UIY408EtxRSoK3Q==",
      "dependencies": {
        "js-tokens": "^3.0.0 || ^4.0.0"
      },
      "bin": {
        "loose-envify": "cli.js"
      }
    },
    "node_modules/nanoid": {
      "version": "3.3.7",
      "resolved": "https://registry.npmjs.org/nanoid/-/nanoid-3.3.7.tgz",
      "integrity": "sha512-eSRppjcPIat8EXwGEJRYXBcdAulvER3i7sUMBCEmB1H20T3zZEi40ANLqFCxBTAi2Hi3s/VugB1uZW5l1i1sgQ==",
      "dev": true,
      "funding": [
        {
          "type": "github",
          "url": "https://github.com/sponsors/ai"
        }
      ],
      "bin": {
        "nanoid": "bin/nanoid.js"
      },
      "engines": {
        "node": "^10 || ^12 || ^13.7 || ^14 || >=15.0.1"
      }
    },
    "node_modules/picocolors": {
      "version": "1.0.1",
      "resolved": "https://registry.npmjs.org/picocolors/-/picocolors-1.0.1.tgz",
      "integrity": "sha512-anQDJ0IeYdce2GFHwoMbk/9szbtvR4dKkRTd25s0K2sMvhtqpcJ4Q2k132xbI2s8t5MTPtepswcTvrq0y4E+0g==",
      "dev": true
    },
    "node_modules/postcss": {
      "version": "8.4.39",
      "resolved": "https://registry.npmjs.org/postcss/-/postcss-8.4.39.tgz",
      "integrity": "sha512-yJ3039h4eY12b322jmdrQ4i4e0cT323x3IY2LzL7U5309i2zshsXy3AY9T7fTqdN2nGn5/OLSCoG2EaV4s2QhA==",
      "dev": true,
      "dependencies": {
        "nanoid": "^3.3.7",
        "picocolors": "^1.0.1",
        "source-map-js": "^1.2.0"
      },
      "engines": {
        "node": "^10 || ^12 || >=14"
      },
      "funding": {
        "type": "opencollective",
        "url": "https://opencollective.com/postcss/"
      }
    },
    "node_modules/react": {
      "version": "18.2.0",
      "resolved": "https://registry.npmjs.org/react/-/react-18.2.0.tgz",
      "integrity": "sha512-/3IjMdbBCA51B/zYce54rAEf2Jjt2Z8ZaGH48OuZbIvCgELERKZwb4LCuhuzVrNhrheKsvsrfIFyCfAXfjMsA==",
      "dependencies": {
        "loose-envify": "^1.1.0"
      },
      "engines": {
        "node": ">=0.10.0"
      }
    },
    "node_modules/react-dom": {
      "version": "18.2.0",
      "resolved": "https://registry.npmjs.org/react-dom/-/react-dom-18.2.0.tgz",
      "integrity": "sha512-6IMs9dvthGj+LPUIeyUfEUaG5zMyAJBUxsHgh77XBDO/dCmhCRZmCeb2sPTHx82PnpCqwvXS0rqVnoGyPvb9dQ==",
      "dependencies": {
        "loose-envify": "^1.1.0",
        "scheduler": "^0.23.0"
      },
      "peerDependencies": {
        "react": "^18.2.0"
      }
    },
    "node_modules/react-router": {
      "version": "6.23.1",
      "resolved": "https://registry.npmjs.org/react-router/-/react-router-6.23.1.tgz",
      "integrity": "sha512-G+2S32t4F0S82b4gIna23T2u2wDoG+FEkYy3sh55nNnNxF8yE2bWe5UN+H6Hw/YtEpwz2w4TzT1yqC4sjdA1gQ==",
      "dependencies": {
        "@remix-run/router": "1.16.1"
      },
      "engines": {
        "node": ">=14.0.0"
      },
      "peerDependencies": {
        "react": ">=16.8"
      }
    },
    "node_modules/react-router-dom": {
      "version": "6.23.1",
      "resolved": "https://registry.npmjs.org/react-router-dom/-/react-router-dom-6.23.1.tgz",
      "integrity": "sha512-sAFs09fJ2Pf3mP5eHdsHFfVpQzE5PZeaTAnp0qQc4JTw2e7t62CVjS4R4pP8/9TlSCpG1y4oJb8sJ4xGgq/fCQ==",
      "dependencies": {
        "react-router": "6.23.1"
      },
      "engines": {
        "node": ">=14.0.0"
      },
      "peerDependencies": {
        "react": ">=16.8",
        "react-dom": ">=16.8"
      }
    },
    "node_modules/rollup": {
      "version": "4.18.1",
      "resolved": "https://registry.npmjs.org/rollup/-/rollup-4.18.1.tgz",
      "integrity": "sha512-sC+P9X/g34YBYt0EvsGFP55L+C6R+DppCqap7s1iwCgAciyoq2L1xXSUrKxgyZc6w2jLg2d5cW0P/H+sWk+72g==",
      "dev": true,
      "bin": {
        "rollup": "dist/bin/rollup"
      },
      "engines": {
        "node": ">=18.0.0",
        "npm": ">=8.0.0"
      },
      "optionalDependencies": {
        "fsevents": "~2.3.2"
      }
    },
    "node_modules/scheduler": {
      "version": "0.23.2",
      "resolved": "https://registry.npmjs.org/scheduler/-/scheduler-0.23.2.tgz",
      "integrity": "sha512-EaCxbanVeyxaddTfLftIe5i538x0245pWYD2P2cveRUdqg1/fgn2XU2f9i/i2f9hr/8N2+2/i4eYyY01aXaCEg==",
      "dependencies": {
        "loose-envify": "^1.1.0"
      }
    },
    "node_modules/source-map-js": {
      "version": "1.2.0",
      "resolved": "https://registry.npmjs.org/source-map-js/-/source-map-js-1.2.0.tgz",
      "integrity": "sha512-itJW8lvSA0BEpj32WeJtQv/BwWxdp3/423aE52x3wxYdjwWI/tT3sQ2kG2CRvD7h1s2p+76mKj/sQ4A3l255Ag==",
      "dev": true,
      "engines": {
        "node": ">=0.10.0"
      }
    },
    "node_modules/typescript": {
      "version": "5.5.3",
      "resolved": "https://registry.npmjs.org/typescript/-/typescript-5.5.3.tgz",
      "integrity": "sha512-QsA/3A9abseTuBA2i2g28ZyfB3Xj1e1a2iFNBsBwDthGrOSj4pPLTVi39LIHAsi0gcUhAAe+HTEu0q1d397Y7Q==",
      "dev": true,
      "bin": {
        "tsc": "bin/tsc",
        "tsserver": "bin/tsserver"
      },
      "engines": {
        "node": ">=14.17"
      }
    },
    "node_modules/undici-types": {
      "version": "5.26.5",
      "resolved": "https://registry.npmjs.org/undici-types/-/undici-types-5.26.5.tgz",
      "integrity": "sha512-gjM/pB+wLMWrK2IqA9+8aV8ha5unP81203w0a8LwxlXjETUmm2qQmfgQ8G1aXg2IKq3Y9O3lBH13dG216uYxNA==",
      "dev": true
    },
    "node_modules/vite": {
      "version": "5.3.3",
      "resolved": "https://registry.npmjs.org/vite/-/vite-5.3.3.tgz",
      "integrity": "sha512-/6TfQhTNHG33P1m+5z36o20s4j8aYyq/qFEgE9ClQjueY4CI137fE/3cOEB6e5sU3sO2pE061pD2yA9VdG7pDw==",
      "dev": true,
      "dependencies": {
        "esbuild": "^0.21.5",
        "postcss": "^8.4.38",
        "rollup": "^4.17.2"
      },
      "bin": {
        "vite": "bin/vite.js"
      },
      "engines": {
        "node": "^18.0.0 || >=20.0.0"
      },
      "funding": {
        "url": "https://github.com/sponsors/yyx990803"
      },
      "optionalDependencies": {
        "fsevents": "~2.3.2"
      },
      "peerDependencies": {
        "@types/node": "^18.0.0 || >=20.0.0",
        "sass": "*",
        "terser": "^5.28.0"
      },
      "peerDependenciesMeta": {
        "@types/node": {
          "optional": true
        },
        "sass": {
          "optional": true
        },
        "terser": {
          "optional": true
        }
      }
    }
  }
}